
Microsoft Visual Studio Solution File, Format Version 12.00
# Visual Studio Version 17
VisualStudioVersion = 17.7.34202.233
MinimumVisualStudioVersion = 10.0.40219.1
Project("{FAE04EC0-301F-11D3-BF4B-00C04F79EFBC}") = "UnderstandingArrays", "UnderstandingArrays\UnderstandingArrays.csproj", "{9AEA823D-3EB8-44FB-A15A-65EFDA9A0DEB}"
EndProject
Global
	GlobalSection(SolutionConfigurationPlatforms) = preSolution
		Debug|Any CPU = Debug|Any CPU
		Release|Any CPU = Release|Any CPU
	EndGlobalSection
	GlobalSection(ProjectConfigurationPlatforms) = postSolution
		{9AEA823D-3EB8-44FB-A15A-65EFDA9A0DEB}.Debug|Any CPU.ActiveCfg = Debug|Any CPU
		{9AEA823D-3EB8-44FB-A15A-65EFDA9A0DEB}.Debug|Any CPU.Build.0 = Debug|Any CPU
		{9AEA823D-3EB8-44FB-A15A-65EFDA9A0DEB}.Release|Any CPU.ActiveCfg = Release|Any CPU
		{9AEA823D-3EB8-44FB-A15A-65EFDA9A0DEB}.Release|Any CPU.Build.0 = Release|Any CPU
	EndGlobalSection
	GlobalSection(SolutionProperties) = preSolution
		HideSolutionNode = FALSE
	EndGlobalSection
	GlobalSection(ExtensibilityGlobals) = postSolution
		SolutionGuid = {520BA9DA-48AA-4A27-BCDA-AB51103C05F3}
	EndGlobalSection
EndGlobal
