
Microsoft Visual Studio Solution File, Format Version 12.00
# Visual Studio Version 17
VisualStudioVersion = 17.7.34202.233
MinimumVisualStudioVersion = 10.0.40219.1
Project("{FAE04EC0-301F-11D3-BF4B-00C04F79EFBC}") = "ObjectLifeTime", "ObjectLifeTime\ObjectLifeTime.csproj", "{42757A0B-5043-4EAC-8898-0CE00F606B22}"
EndProject
Global
	GlobalSection(SolutionConfigurationPlatforms) = preSolution
		Debug|Any CPU = Debug|Any CPU
		Release|Any CPU = Release|Any CPU
	EndGlobalSection
	GlobalSection(ProjectConfigurationPlatforms) = postSolution
		{42757A0B-5043-4EAC-8898-0CE00F606B22}.Debug|Any CPU.ActiveCfg = Debug|Any CPU
		{42757A0B-5043-4EAC-8898-0CE00F606B22}.Debug|Any CPU.Build.0 = Debug|Any CPU
		{42757A0B-5043-4EAC-8898-0CE00F606B22}.Release|Any CPU.ActiveCfg = Release|Any CPU
		{42757A0B-5043-4EAC-8898-0CE00F606B22}.Release|Any CPU.Build.0 = Release|Any CPU
	EndGlobalSection
	GlobalSection(SolutionProperties) = preSolution
		HideSolutionNode = FALSE
	EndGlobalSection
	GlobalSection(ExtensibilityGlobals) = postSolution
		SolutionGuid = {DE79586E-5C19-4DE7-9939-CE760D6F2A5B}
	EndGlobalSection
EndGlobal
