
Microsoft Visual Studio Solution File, Format Version 12.00
# Visual Studio Version 17
VisualStudioVersion = 17.7.34202.233
MinimumVisualStudioVersion = 10.0.40219.1
Project("{FAE04EC0-301F-11D3-BF4B-00C04F79EFBC}") = "MyClient", "MyClient\MyClient.csproj", "{F29181D9-CB15-499F-BED0-95864D72BECA}"
EndProject
Global
	GlobalSection(SolutionConfigurationPlatforms) = preSolution
		Debug|Any CPU = Debug|Any CPU
		Release|Any CPU = Release|Any CPU
	EndGlobalSection
	GlobalSection(ProjectConfigurationPlatforms) = postSolution
		{F29181D9-CB15-499F-BED0-95864D72BECA}.Debug|Any CPU.ActiveCfg = Debug|Any CPU
		{F29181D9-CB15-499F-BED0-95864D72BECA}.Debug|Any CPU.Build.0 = Debug|Any CPU
		{F29181D9-CB15-499F-BED0-95864D72BECA}.Release|Any CPU.ActiveCfg = Release|Any CPU
		{F29181D9-CB15-499F-BED0-95864D72BECA}.Release|Any CPU.Build.0 = Release|Any CPU
	EndGlobalSection
	GlobalSection(SolutionProperties) = preSolution
		HideSolutionNode = FALSE
	EndGlobalSection
	GlobalSection(ExtensibilityGlobals) = postSolution
		SolutionGuid = {4907CEF7-19AB-4AB2-82D2-D38E8F259014}
	EndGlobalSection
EndGlobal
