
Microsoft Visual Studio Solution File, Format Version 12.00
# Visual Studio Version 17
VisualStudioVersion = 17.7.34202.233
MinimumVisualStudioVersion = 10.0.40219.1
Project("{FAE04EC0-301F-11D3-BF4B-00C04F79EFBC}") = "OperatorsExpressionsStatements", "OperatorsExpressionsStatements\OperatorsExpressionsStatements.csproj", "{FB12E979-1A25-4BBA-B527-A5FEBECD9641}"
EndProject
Global
	GlobalSection(SolutionConfigurationPlatforms) = preSolution
		Debug|Any CPU = Debug|Any CPU
		Release|Any CPU = Release|Any CPU
	EndGlobalSection
	GlobalSection(ProjectConfigurationPlatforms) = postSolution
		{FB12E979-1A25-4BBA-B527-A5FEBECD9641}.Debug|Any CPU.ActiveCfg = Debug|Any CPU
		{FB12E979-1A25-4BBA-B527-A5FEBECD9641}.Debug|Any CPU.Build.0 = Debug|Any CPU
		{FB12E979-1A25-4BBA-B527-A5FEBECD9641}.Release|Any CPU.ActiveCfg = Release|Any CPU
		{FB12E979-1A25-4BBA-B527-A5FEBECD9641}.Release|Any CPU.Build.0 = Release|Any CPU
	EndGlobalSection
	GlobalSection(SolutionProperties) = preSolution
		HideSolutionNode = FALSE
	EndGlobalSection
	GlobalSection(ExtensibilityGlobals) = postSolution
		SolutionGuid = {E5E33F7C-5076-4C09-AF76-5BDA33E7C56E}
	EndGlobalSection
EndGlobal
